
Microsoft Visual Studio Solution File, Format Version 12.00
# Visual Studio Version 16
VisualStudioVersion = 16.0.29728.190
MinimumVisualStudioVersion = 10.0.40219.1
Project("{9A19103F-16F7-4668-BE54-9A1E7A4F7556}") = "TesterApp", "TesterApp\TesterApp\TesterApp.csproj", "{E5E553E3-9F4F-4DC9-926C-C124EC2ADE82}"
EndProject
Project("{FAE04EC0-301F-11D3-BF4B-00C04F79EFBC}") = "TesterApp.Android", "TesterApp\TesterApp.Android\TesterApp.Android.csproj", "{43BED711-5B11-4F04-896A-966513B1F596}"
EndProject
Project("{FAE04EC0-301F-11D3-BF4B-00C04F79EFBC}") = "TesterApp.iOS", "TesterApp\TesterApp.iOS\TesterApp.iOS.csproj", "{0B3273B1-A0EB-41D4-9337-3BCC27DC3251}"
EndProject
Global
	GlobalSection(SolutionConfigurationPlatforms) = preSolution
		Ad-Hoc|Any CPU = Ad-Hoc|Any CPU
		Ad-Hoc|ARM = Ad-Hoc|ARM
		Ad-Hoc|iPhone = Ad-Hoc|iPhone
		Ad-Hoc|iPhoneSimulator = Ad-Hoc|iPhoneSimulator
		Ad-Hoc|x64 = Ad-Hoc|x64
		Ad-Hoc|x86 = Ad-Hoc|x86
		AppStore|Any CPU = AppStore|Any CPU
		AppStore|ARM = AppStore|ARM
		AppStore|iPhone = AppStore|iPhone
		AppStore|iPhoneSimulator = AppStore|iPhoneSimulator
		AppStore|x64 = AppStore|x64
		AppStore|x86 = AppStore|x86
		Debug|Any CPU = Debug|Any CPU
		Debug|ARM = Debug|ARM
		Debug|iPhone = Debug|iPhone
		Debug|iPhoneSimulator = Debug|iPhoneSimulator
		Debug|x64 = Debug|x64
		Debug|x86 = Debug|x86
		Release|Any CPU = Release|Any CPU
		Release|ARM = Release|ARM
		Release|iPhone = Release|iPhone
		Release|iPhoneSimulator = Release|iPhoneSimulator
		Release|x64 = Release|x64
		Release|x86 = Release|x86
	EndGlobalSection
	GlobalSection(ProjectConfigurationPlatforms) = postSolution
		{E5E553E3-9F4F-4DC9-926C-C124EC2ADE82}.Ad-Hoc|Any CPU.ActiveCfg = Debug|Any CPU
		{E5E553E3-9F4F-4DC9-926C-C124EC2ADE82}.Ad-Hoc|Any CPU.Build.0 = Debug|Any CPU
		{E5E553E3-9F4F-4DC9-926C-C124EC2ADE82}.Ad-Hoc|ARM.ActiveCfg = Debug|Any CPU
		{E5E553E3-9F4F-4DC9-926C-C124EC2ADE82}.Ad-Hoc|ARM.Build.0 = Debug|Any CPU
		{E5E553E3-9F4F-4DC9-926C-C124EC2ADE82}.Ad-Hoc|iPhone.ActiveCfg = Debug|Any CPU
		{E5E553E3-9F4F-4DC9-926C-C124EC2ADE82}.Ad-Hoc|iPhone.Build.0 = Debug|Any CPU
		{E5E553E3-9F4F-4DC9-926C-C124EC2ADE82}.Ad-Hoc|iPhoneSimulator.ActiveCfg = Debug|Any CPU
		{E5E553E3-9F4F-4DC9-926C-C124EC2ADE82}.Ad-Hoc|iPhoneSimulator.Build.0 = Debug|Any CPU
		{E5E553E3-9F4F-4DC9-926C-C124EC2ADE82}.Ad-Hoc|x64.ActiveCfg = Debug|Any CPU
		{E5E553E3-9F4F-4DC9-926C-C124EC2ADE82}.Ad-Hoc|x64.Build.0 = Debug|Any CPU
		{E5E553E3-9F4F-4DC9-926C-C124EC2ADE82}.Ad-Hoc|x86.ActiveCfg = Debug|Any CPU
		{E5E553E3-9F4F-4DC9-926C-C124EC2ADE82}.Ad-Hoc|x86.Build.0 = Debug|Any CPU
		{E5E553E3-9F4F-4DC9-926C-C124EC2ADE82}.AppStore|Any CPU.ActiveCfg = Debug|Any CPU
		{E5E553E3-9F4F-4DC9-926C-C124EC2ADE82}.AppStore|Any CPU.Build.0 = Debug|Any CPU
		{E5E553E3-9F4F-4DC9-926C-C124EC2ADE82}.AppStore|ARM.ActiveCfg = Debug|Any CPU
		{E5E553E3-9F4F-4DC9-926C-C124EC2ADE82}.AppStore|ARM.Build.0 = Debug|Any CPU
		{E5E553E3-9F4F-4DC9-926C-C124EC2ADE82}.AppStore|iPhone.ActiveCfg = Debug|Any CPU
		{E5E553E3-9F4F-4DC9-926C-C124EC2ADE82}.AppStore|iPhone.Build.0 = Debug|Any CPU
		{E5E553E3-9F4F-4DC9-926C-C124EC2ADE82}.AppStore|iPhoneSimulator.ActiveCfg = Debug|Any CPU
		{E5E553E3-9F4F-4DC9-926C-C124EC2ADE82}.AppStore|iPhoneSimulator.Build.0 = Debug|Any CPU
		{E5E553E3-9F4F-4DC9-926C-C124EC2ADE82}.AppStore|x64.ActiveCfg = Debug|Any CPU
		{E5E553E3-9F4F-4DC9-926C-C124EC2ADE82}.AppStore|x64.Build.0 = Debug|Any CPU
		{E5E553E3-9F4F-4DC9-926C-C124EC2ADE82}.AppStore|x86.ActiveCfg = Debug|Any CPU
		{E5E553E3-9F4F-4DC9-926C-C124EC2ADE82}.AppStore|x86.Build.0 = Debug|Any CPU
		{E5E553E3-9F4F-4DC9-926C-C124EC2ADE82}.Debug|Any CPU.ActiveCfg = Debug|Any CPU
		{E5E553E3-9F4F-4DC9-926C-C124EC2ADE82}.Debug|Any CPU.Build.0 = Debug|Any CPU
		{E5E553E3-9F4F-4DC9-926C-C124EC2ADE82}.Debug|ARM.ActiveCfg = Debug|Any CPU
		{E5E553E3-9F4F-4DC9-926C-C124EC2ADE82}.Debug|ARM.Build.0 = Debug|Any CPU
		{E5E553E3-9F4F-4DC9-926C-C124EC2ADE82}.Debug|iPhone.ActiveCfg = Debug|Any CPU
		{E5E553E3-9F4F-4DC9-926C-C124EC2ADE82}.Debug|iPhone.Build.0 = Debug|Any CPU
		{E5E553E3-9F4F-4DC9-926C-C124EC2ADE82}.Debug|iPhoneSimulator.ActiveCfg = Debug|Any CPU
		{E5E553E3-9F4F-4DC9-926C-C124EC2ADE82}.Debug|iPhoneSimulator.Build.0 = Debug|Any CPU
		{E5E553E3-9F4F-4DC9-926C-C124EC2ADE82}.Debug|x64.ActiveCfg = Debug|Any CPU
		{E5E553E3-9F4F-4DC9-926C-C124EC2ADE82}.Debug|x64.Build.0 = Debug|Any CPU
		{E5E553E3-9F4F-4DC9-926C-C124EC2ADE82}.Debug|x86.ActiveCfg = Debug|Any CPU
		{E5E553E3-9F4F-4DC9-926C-C124EC2ADE82}.Debug|x86.Build.0 = Debug|Any CPU
		{E5E553E3-9F4F-4DC9-926C-C124EC2ADE82}.Release|Any CPU.ActiveCfg = Release|Any CPU
		{E5E553E3-9F4F-4DC9-926C-C124EC2ADE82}.Release|Any CPU.Build.0 = Release|Any CPU
		{E5E553E3-9F4F-4DC9-926C-C124EC2ADE82}.Release|ARM.ActiveCfg = Release|Any CPU
		{E5E553E3-9F4F-4DC9-926C-C124EC2ADE82}.Release|ARM.Build.0 = Release|Any CPU
		{E5E553E3-9F4F-4DC9-926C-C124EC2ADE82}.Release|iPhone.ActiveCfg = Release|Any CPU
		{E5E553E3-9F4F-4DC9-926C-C124EC2ADE82}.Release|iPhone.Build.0 = Release|Any CPU
		{E5E553E3-9F4F-4DC9-926C-C124EC2ADE82}.Release|iPhoneSimulator.ActiveCfg = Release|Any CPU
		{E5E553E3-9F4F-4DC9-926C-C124EC2ADE82}.Release|iPhoneSimulator.Build.0 = Release|Any CPU
		{E5E553E3-9F4F-4DC9-926C-C124EC2ADE82}.Release|x64.ActiveCfg = Release|Any CPU
		{E5E553E3-9F4F-4DC9-926C-C124EC2ADE82}.Release|x64.Build.0 = Release|Any CPU
		{E5E553E3-9F4F-4DC9-926C-C124EC2ADE82}.Release|x86.ActiveCfg = Release|Any CPU
		{E5E553E3-9F4F-4DC9-926C-C124EC2ADE82}.Release|x86.Build.0 = Release|Any CPU
		{43BED711-5B11-4F04-896A-966513B1F596}.Ad-Hoc|Any CPU.ActiveCfg = Release|Any CPU
		{43BED711-5B11-4F04-896A-966513B1F596}.Ad-Hoc|Any CPU.Build.0 = Release|Any CPU
		{43BED711-5B11-4F04-896A-966513B1F596}.Ad-Hoc|Any CPU.Deploy.0 = Release|Any CPU
		{43BED711-5B11-4F04-896A-966513B1F596}.Ad-Hoc|ARM.ActiveCfg = Release|Any CPU
		{43BED711-5B11-4F04-896A-966513B1F596}.Ad-Hoc|ARM.Build.0 = Release|Any CPU
		{43BED711-5B11-4F04-896A-966513B1F596}.Ad-Hoc|ARM.Deploy.0 = Release|Any CPU
		{43BED711-5B11-4F04-896A-966513B1F596}.Ad-Hoc|iPhone.ActiveCfg = Release|Any CPU
		{43BED711-5B11-4F04-896A-966513B1F596}.Ad-Hoc|iPhone.Build.0 = Release|Any CPU
		{43BED711-5B11-4F04-896A-966513B1F596}.Ad-Hoc|iPhone.Deploy.0 = Release|Any CPU
		{43BED711-5B11-4F04-896A-966513B1F596}.Ad-Hoc|iPhoneSimulator.ActiveCfg = Release|Any CPU
		{43BED711-5B11-4F04-896A-966513B1F596}.Ad-Hoc|iPhoneSimulator.Build.0 = Release|Any CPU
		{43BED711-5B11-4F04-896A-966513B1F596}.Ad-Hoc|iPhoneSimulator.Deploy.0 = Release|Any CPU
		{43BED711-5B11-4F04-896A-966513B1F596}.Ad-Hoc|x64.ActiveCfg = Release|Any CPU
		{43BED711-5B11-4F04-896A-966513B1F596}.Ad-Hoc|x64.Build.0 = Release|Any CPU
		{43BED711-5B11-4F04-896A-966513B1F596}.Ad-Hoc|x64.Deploy.0 = Release|Any CPU
		{43BED711-5B11-4F04-896A-966513B1F596}.Ad-Hoc|x86.ActiveCfg = Release|Any CPU
		{43BED711-5B11-4F04-896A-966513B1F596}.Ad-Hoc|x86.Build.0 = Release|Any CPU
		{43BED711-5B11-4F04-896A-966513B1F596}.Ad-Hoc|x86.Deploy.0 = Release|Any CPU
		{43BED711-5B11-4F04-896A-966513B1F596}.AppStore|Any CPU.ActiveCfg = Release|Any CPU
		{43BED711-5B11-4F04-896A-966513B1F596}.AppStore|Any CPU.Build.0 = Release|Any CPU
		{43BED711-5B11-4F04-896A-966513B1F596}.AppStore|Any CPU.Deploy.0 = Release|Any CPU
		{43BED711-5B11-4F04-896A-966513B1F596}.AppStore|ARM.ActiveCfg = Release|Any CPU
		{43BED711-5B11-4F04-896A-966513B1F596}.AppStore|ARM.Build.0 = Release|Any CPU
		{43BED711-5B11-4F04-896A-966513B1F596}.AppStore|ARM.Deploy.0 = Release|Any CPU
		{43BED711-5B11-4F04-896A-966513B1F596}.AppStore|iPhone.ActiveCfg = Release|Any CPU
		{43BED711-5B11-4F04-896A-966513B1F596}.AppStore|iPhone.Build.0 = Release|Any CPU
		{43BED711-5B11-4F04-896A-966513B1F596}.AppStore|iPhone.Deploy.0 = Release|Any CPU
		{43BED711-5B11-4F04-896A-966513B1F596}.AppStore|iPhoneSimulator.ActiveCfg = Release|Any CPU
		{43BED711-5B11-4F04-896A-966513B1F596}.AppStore|iPhoneSimulator.Build.0 = Release|Any CPU
		{43BED711-5B11-4F04-896A-966513B1F596}.AppStore|iPhoneSimulator.Deploy.0 = Release|Any CPU
		{43BED711-5B11-4F04-896A-966513B1F596}.AppStore|x64.ActiveCfg = Release|Any CPU
		{43BED711-5B11-4F04-896A-966513B1F596}.AppStore|x64.Build.0 = Release|Any CPU
		{43BED711-5B11-4F04-896A-966513B1F596}.AppStore|x64.Deploy.0 = Release|Any CPU
		{43BED711-5B11-4F04-896A-966513B1F596}.AppStore|x86.ActiveCfg = Release|Any CPU
		{43BED711-5B11-4F04-896A-966513B1F596}.AppStore|x86.Build.0 = Release|Any CPU
		{43BED711-5B11-4F04-896A-966513B1F596}.AppStore|x86.Deploy.0 = Release|Any CPU
		{43BED711-5B11-4F04-896A-966513B1F596}.Debug|Any CPU.ActiveCfg = Debug|Any CPU
		{43BED711-5B11-4F04-896A-966513B1F596}.Debug|Any CPU.Build.0 = Debug|Any CPU
		{43BED711-5B11-4F04-896A-966513B1F596}.Debug|Any CPU.Deploy.0 = Debug|Any CPU
		{43BED711-5B11-4F04-896A-966513B1F596}.Debug|ARM.ActiveCfg = Debug|Any CPU
		{43BED711-5B11-4F04-896A-966513B1F596}.Debug|ARM.Build.0 = Debug|Any CPU
		{43BED711-5B11-4F04-896A-966513B1F596}.Debug|ARM.Deploy.0 = Debug|Any CPU
		{43BED711-5B11-4F04-896A-966513B1F596}.Debug|iPhone.ActiveCfg = Debug|Any CPU
		{43BED711-5B11-4F04-896A-966513B1F596}.Debug|iPhone.Build.0 = Debug|Any CPU
		{43BED711-5B11-4F04-896A-966513B1F596}.Debug|iPhone.Deploy.0 = Debug|Any CPU
		{43BED711-5B11-4F04-896A-966513B1F596}.Debug|iPhoneSimulator.ActiveCfg = Debug|Any CPU
		{43BED711-5B11-4F04-896A-966513B1F596}.Debug|iPhoneSimulator.Build.0 = Debug|Any CPU
		{43BED711-5B11-4F04-896A-966513B1F596}.Debug|iPhoneSimulator.Deploy.0 = Debug|Any CPU
		{43BED711-5B11-4F04-896A-966513B1F596}.Debug|x64.ActiveCfg = Debug|Any CPU
		{43BED711-5B11-4F04-896A-966513B1F596}.Debug|x64.Build.0 = Debug|Any CPU
		{43BED711-5B11-4F04-896A-966513B1F596}.Debug|x64.Deploy.0 = Debug|Any CPU
		{43BED711-5B11-4F04-896A-966513B1F596}.Debug|x86.ActiveCfg = Debug|Any CPU
		{43BED711-5B11-4F04-896A-966513B1F596}.Debug|x86.Build.0 = Debug|Any CPU
		{43BED711-5B11-4F04-896A-966513B1F596}.Debug|x86.Deploy.0 = Debug|Any CPU
		{43BED711-5B11-4F04-896A-966513B1F596}.Release|Any CPU.ActiveCfg = Release|Any CPU
		{43BED711-5B11-4F04-896A-966513B1F596}.Release|Any CPU.Build.0 = Release|Any CPU
		{43BED711-5B11-4F04-896A-966513B1F596}.Release|Any CPU.Deploy.0 = Release|Any CPU
		{43BED711-5B11-4F04-896A-966513B1F596}.Release|ARM.ActiveCfg = Release|Any CPU
		{43BED711-5B11-4F04-896A-966513B1F596}.Release|ARM.Build.0 = Release|Any CPU
		{43BED711-5B11-4F04-896A-966513B1F596}.Release|ARM.Deploy.0 = Release|Any CPU
		{43BED711-5B11-4F04-896A-966513B1F596}.Release|iPhone.ActiveCfg = Release|Any CPU
		{43BED711-5B11-4F04-896A-966513B1F596}.Release|iPhone.Build.0 = Release|Any CPU
		{43BED711-5B11-4F04-896A-966513B1F596}.Release|iPhone.Deploy.0 = Release|Any CPU
		{43BED711-5B11-4F04-896A-966513B1F596}.Release|iPhoneSimulator.ActiveCfg = Release|Any CPU
		{43BED711-5B11-4F04-896A-966513B1F596}.Release|iPhoneSimulator.Build.0 = Release|Any CPU
		{43BED711-5B11-4F04-896A-966513B1F596}.Release|iPhoneSimulator.Deploy.0 = Release|Any CPU
		{43BED711-5B11-4F04-896A-966513B1F596}.Release|x64.ActiveCfg = Release|Any CPU
		{43BED711-5B11-4F04-896A-966513B1F596}.Release|x64.Build.0 = Release|Any CPU
		{43BED711-5B11-4F04-896A-966513B1F596}.Release|x64.Deploy.0 = Release|Any CPU
		{43BED711-5B11-4F04-896A-966513B1F596}.Release|x86.ActiveCfg = Release|Any CPU
		{43BED711-5B11-4F04-896A-966513B1F596}.Release|x86.Build.0 = Release|Any CPU
		{43BED711-5B11-4F04-896A-966513B1F596}.Release|x86.Deploy.0 = Release|Any CPU
		{0B3273B1-A0EB-41D4-9337-3BCC27DC3251}.Ad-Hoc|Any CPU.ActiveCfg = Ad-Hoc|iPhone
		{0B3273B1-A0EB-41D4-9337-3BCC27DC3251}.Ad-Hoc|ARM.ActiveCfg = Ad-Hoc|iPhone
		{0B3273B1-A0EB-41D4-9337-3BCC27DC3251}.Ad-Hoc|iPhone.ActiveCfg = Ad-Hoc|iPhone
		{0B3273B1-A0EB-41D4-9337-3BCC27DC3251}.Ad-Hoc|iPhone.Build.0 = Ad-Hoc|iPhone
		{0B3273B1-A0EB-41D4-9337-3BCC27DC3251}.Ad-Hoc|iPhoneSimulator.ActiveCfg = Ad-Hoc|iPhoneSimulator
		{0B3273B1-A0EB-41D4-9337-3BCC27DC3251}.Ad-Hoc|iPhoneSimulator.Build.0 = Ad-Hoc|iPhoneSimulator
		{0B3273B1-A0EB-41D4-9337-3BCC27DC3251}.Ad-Hoc|x64.ActiveCfg = Ad-Hoc|iPhone
		{0B3273B1-A0EB-41D4-9337-3BCC27DC3251}.Ad-Hoc|x86.ActiveCfg = Ad-Hoc|iPhone
		{0B3273B1-A0EB-41D4-9337-3BCC27DC3251}.AppStore|Any CPU.ActiveCfg = AppStore|iPhone
		{0B3273B1-A0EB-41D4-9337-3BCC27DC3251}.AppStore|ARM.ActiveCfg = AppStore|iPhone
		{0B3273B1-A0EB-41D4-9337-3BCC27DC3251}.AppStore|iPhone.ActiveCfg = AppStore|iPhone
		{0B3273B1-A0EB-41D4-9337-3BCC27DC3251}.AppStore|iPhone.Build.0 = AppStore|iPhone
		{0B3273B1-A0EB-41D4-9337-3BCC27DC3251}.AppStore|iPhoneSimulator.ActiveCfg = AppStore|iPhoneSimulator
		{0B3273B1-A0EB-41D4-9337-3BCC27DC3251}.AppStore|iPhoneSimulator.Build.0 = AppStore|iPhoneSimulator
		{0B3273B1-A0EB-41D4-9337-3BCC27DC3251}.AppStore|x64.ActiveCfg = AppStore|iPhone
		{0B3273B1-A0EB-41D4-9337-3BCC27DC3251}.AppStore|x86.ActiveCfg = AppStore|iPhone
		{0B3273B1-A0EB-41D4-9337-3BCC27DC3251}.Debug|Any CPU.ActiveCfg = Debug|iPhone
		{0B3273B1-A0EB-41D4-9337-3BCC27DC3251}.Debug|ARM.ActiveCfg = Debug|iPhone
		{0B3273B1-A0EB-41D4-9337-3BCC27DC3251}.Debug|iPhone.ActiveCfg = Debug|iPhone
		{0B3273B1-A0EB-41D4-9337-3BCC27DC3251}.Debug|iPhone.Build.0 = Debug|iPhone
		{0B3273B1-A0EB-41D4-9337-3BCC27DC3251}.Debug|iPhoneSimulator.ActiveCfg = Debug|iPhoneSimulator
		{0B3273B1-A0EB-41D4-9337-3BCC27DC3251}.Debug|iPhoneSimulator.Build.0 = Debug|iPhoneSimulator
		{0B3273B1-A0EB-41D4-9337-3BCC27DC3251}.Debug|x64.ActiveCfg = Debug|iPhone
		{0B3273B1-A0EB-41D4-9337-3BCC27DC3251}.Debug|x86.ActiveCfg = Debug|iPhone
		{0B3273B1-A0EB-41D4-9337-3BCC27DC3251}.Release|Any CPU.ActiveCfg = Release|iPhone
		{0B3273B1-A0EB-41D4-9337-3BCC27DC3251}.Release|ARM.ActiveCfg = Release|iPhone
		{0B3273B1-A0EB-41D4-9337-3BCC27DC3251}.Release|iPhone.ActiveCfg = Release|iPhone
		{0B3273B1-A0EB-41D4-9337-3BCC27DC3251}.Release|iPhone.Build.0 = Release|iPhone
		{0B3273B1-A0EB-41D4-9337-3BCC27DC3251}.Release|iPhoneSimulator.ActiveCfg = Release|iPhoneSimulator
		{0B3273B1-A0EB-41D4-9337-3BCC27DC3251}.Release|iPhoneSimulator.Build.0 = Release|iPhoneSimulator
		{0B3273B1-A0EB-41D4-9337-3BCC27DC3251}.Release|x64.ActiveCfg = Release|iPhone
		{0B3273B1-A0EB-41D4-9337-3BCC27DC3251}.Release|x86.ActiveCfg = Release|iPhone
	EndGlobalSection
	GlobalSection(SolutionProperties) = preSolution
		HideSolutionNode = FALSE
	EndGlobalSection
	GlobalSection(ExtensibilityGlobals) = postSolution
		SolutionGuid = {BC613AAF-77AD-4438-A4FF-7804868933D1}
	EndGlobalSection
EndGlobal
